{
    "_readme": [
        "This file locks the dependencies of your project to a known state",
        "Read more about it at https://getcomposer.org/doc/01-basic-usage.md#composer-lock-the-lock-file",
        "This file is @generated automatically"
    ],
    "hash": "376a0fad125a7c7e575493367e39eaf0",
    "packages": [
        {
            "name": "assisrafael/giix",
            "version": "dev-master",
            "source": {
                "type": "git",
                "url": "https://github.com/assisrafael/giix.git",
                "reference": "555248b8e10ef38978a27dd82a6a5430469344f2"
            },
            "dist": {
                "type": "zip",
                "url": "https://api.github.com/repos/assisrafael/giix/zipball/555248b8e10ef38978a27dd82a6a5430469344f2",
                "reference": "555248b8e10ef38978a27dd82a6a5430469344f2",
                "shasum": ""
            },
            "require": {
                "yiisoft/yii": ">=1.1.8"
            },
            "type": "yii-extension",
            "notification-url": "https://packagist.org/downloads/",
            "authors": [
                {
                    "name": "Rodrigo Coelho",
                    "email": "rodrigo.coelho@gmail.com"
                }
            ],
            "description": "giix is Gii Extended, a code generator for Yii PHP framework – with extras",
            "time": "2014-07-31 11:06:02"
        },
        {
            "name": "borales/yii-pdf",
            "version": "0.4.0",
            "source": {
                "type": "git",
                "url": "https://github.com/Borales/yii-pdf.git",
                "reference": "5bd4695e9e7f4a0293edd92dbff6a31f7bb65c5a"
            },
            "dist": {
                "type": "zip",
                "url": "https://api.github.com/repos/Borales/yii-pdf/zipball/5bd4695e9e7f4a0293edd92dbff6a31f7bb65c5a",
                "reference": "5bd4695e9e7f4a0293edd92dbff6a31f7bb65c5a",
                "shasum": ""
            },
            "require": {
                "ensepar/html2pdf": "dev-master",
                "mpdf/mpdf": "dev-master",
                "yiisoft/yii": ">=1.1.13"
            },
            "type": "yii-extension",
            "notification-url": "https://packagist.org/downloads/",
            "license": [
                "New BSD License"
            ],
            "authors": [
                {
                    "name": "Borales (Alexandr Bordun)",
                    "email": "bordun.alexandr@gmail.com"
                }
            ],
            "description": "Yii-wrapper for PHP-PDF libraries (mPDF, HTML2PDF)",
            "keywords": [
                "pdf",
                "yii"
            ],
            "time": "2013-08-21 09:05:59"
        },
        {
            "name": "crisu83/yiistrap",
            "version": "1.3.0",
            "source": {
                "type": "git",
                "url": "https://github.com/Crisu83/yiistrap.git",
                "reference": "3b0a4a3e2e1603bcc029cef9d9b197c3f913916b"
            },
            "dist": {
                "type": "zip",
                "url": "https://api.github.com/repos/Crisu83/yiistrap/zipball/3b0a4a3e2e1603bcc029cef9d9b197c3f913916b",
                "reference": "3b0a4a3e2e1603bcc029cef9d9b197c3f913916b",
                "shasum": ""
            },
            "require-dev": {
                "codeception/codeception": "@stable",
                "crisu83/yii-composer": ">=1.0.0",
                "yiisoft/yii": ">=1.1.13"
            },
            "type": "library",
            "extra": {
                "yii-install-writable": [
                    "tests/_log"
                ]
            },
            "autoload": {
                "classmap": [
                    "behaviors/",
                    "components/",
                    "form/",
                    "helpers/",
                    "widgets/"
                ]
            },
            "notification-url": "https://packagist.org/downloads/",
            "license": [
                "BSD-3-Clause"
            ],
            "authors": [
                {
                    "name": "Christoffer Niska",
                    "email": "christoffer.niska@gmail.com",
                    "homepage": "http://www.cniska.net/"
                },
                {
                    "name": "Antonio Ramirez",
                    "email": "ramirez.cobos@gmail.com",
                    "homepage": "http://www.ramirezcobos.com"
                }
            ],
            "description": "Twitter Bootstrap for the Yii PHP framework.",
            "keywords": [
                "bootstrap",
                "yii"
            ],
            "time": "2014-02-12 14:32:07"
        },
        {
            "name": "ensepar/html2pdf",
            "version": "dev-master",
            "source": {
                "type": "git",
                "url": "https://github.com/OwlyCode/html2pdf.git",
                "reference": "06140e6fd274b381a0bc91bc58473e7566b6c24f"
            },
            "dist": {
                "type": "zip",
                "url": "https://api.github.com/repos/OwlyCode/html2pdf/zipball/06140e6fd274b381a0bc91bc58473e7566b6c24f",
                "reference": "06140e6fd274b381a0bc91bc58473e7566b6c24f",
                "shasum": ""
            },
            "require": {
                "php": ">=5.2",
                "tecnick.com/tcpdf": "~6.2"
            },
            "type": "library",
            "autoload": {
                "psr-0": {
                    "HTML2PDF": "."
                }
            },
            "notification-url": "https://packagist.org/downloads/",
            "license": [
                "LGPL"
            ],
            "authors": [
                {
                    "name": "Spipu",
                    "homepage": "http://sourceforge.net/users/spipu",
                    "role": "Developer"
                },
                {
                    "name": "OwlyCode",
                    "homepage": "http://www.github.com/OwlyCode",
                    "role": "Developer"
                }
            ],
            "description": "Unofficial fork of 'html2pdf' with Composer support. (Fixed composer dependency problem)",
            "homepage": "https://github.com/jwronsky/html2pdf",
            "keywords": [
                "html",
                "html2pdf",
                "pdf"
            ],
            "time": "2015-05-13 16:09:30"
        },
        {
            "name": "mpdf/mpdf",
            "version": "dev-master",
            "source": {
                "type": "git",
                "url": "https://github.com/mpdf/mpdf.git",
                "reference": "69d1abdde39b5341c53c1498af4625f414f04625"
            },
            "dist": {
                "type": "zip",
                "url": "https://api.github.com/repos/mpdf/mpdf/zipball/69d1abdde39b5341c53c1498af4625f414f04625",
                "reference": "69d1abdde39b5341c53c1498af4625f414f04625",
                "shasum": ""
            },
            "require": {
                "ext-mbstring": "*",
                "php": ">=4.3.10"
            },
            "type": "library",
            "autoload": {
                "classmap": [
                    "mpdf.php",
                    "classes"
                ]
            },
            "notification-url": "https://packagist.org/downloads/",
            "license": [
                "GPL-2.0"
            ],
            "authors": [
                {
                    "name": "Ian Back",
                    "role": "Developer"
                }
            ],
            "description": "A PHP class to generate PDF files from HTML with Unicode/UTF-8 and CJK support",
            "homepage": "http://www.mpdf1.com/mpdf/index.php",
            "keywords": [
                "pdf",
                "php",
                "utf-8"
            ],
            "time": "2015-04-29 10:45:20"
        },
        {
            "name": "phpoffice/phpexcel",
            "version": "dev-master",
            "source": {
                "type": "git",
                "url": "https://github.com/PHPOffice/PHPExcel.git",
                "reference": "049e85ae98a90869e1bc83087f755010e9223091"
            },
            "dist": {
                "type": "zip",
                "url": "https://api.github.com/repos/PHPOffice/PHPExcel/zipball/049e85ae98a90869e1bc83087f755010e9223091",
                "reference": "049e85ae98a90869e1bc83087f755010e9223091",
                "shasum": ""
            },
            "require": {
                "ext-xml": "*",
                "ext-xmlwriter": "*",
                "php": ">=5.2.0"
            },
            "type": "library",
            "autoload": {
                "psr-0": {
                    "PHPExcel": "Classes/"
                }
            },
            "notification-url": "https://packagist.org/downloads/",
            "license": [
                "LGPL"
            ],
            "authors": [
                {
                    "name": "Maarten Balliauw",
                    "homepage": "http://blog.maartenballiauw.be"
                },
                {
                    "name": "Mark Baker"
                },
                {
                    "name": "Franck Lefevre",
                    "homepage": "http://blog.rootslabs.net"
                },
                {
                    "name": "Erik Tilt"
                }
            ],
            "description": "PHPExcel - OpenXML - Read, Create and Write Spreadsheet documents in PHP - Spreadsheet engine",
            "homepage": "http://phpexcel.codeplex.com",
            "keywords": [
                "OpenXML",
                "excel",
                "php",
                "spreadsheet",
                "xls",
                "xlsx"
            ],
            "time": "2015-05-05 00:10:25"
        },
        {
            "name": "tecnick.com/tcpdf",
            "version": "6.2.8",
            "source": {
                "type": "git",
                "url": "https://github.com/tecnickcom/TCPDF.git",
                "reference": "3dee9e7f3a414875fd1d9f4f1dfc2433493a86d2"
            },
            "dist": {
                "type": "zip",
                "url": "https://api.github.com/repos/tecnickcom/TCPDF/zipball/3dee9e7f3a414875fd1d9f4f1dfc2433493a86d2",
                "reference": "3dee9e7f3a414875fd1d9f4f1dfc2433493a86d2",
                "shasum": ""
            },
            "require": {
                "php": ">=5.3.0"
            },
            "type": "library",
            "autoload": {
                "classmap": [
                    "fonts",
                    "config",
                    "include",
                    "tcpdf.php",
                    "tcpdf_parser.php",
                    "tcpdf_import.php",
                    "tcpdf_barcodes_1d.php",
                    "tcpdf_barcodes_2d.php",
                    "include/tcpdf_colors.php",
                    "include/tcpdf_filters.php",
                    "include/tcpdf_font_data.php",
                    "include/tcpdf_fonts.php",
                    "include/tcpdf_images.php",
                    "include/tcpdf_static.php",
                    "include/barcodes/datamatrix.php",
                    "include/barcodes/pdf417.php",
                    "include/barcodes/qrcode.php"
                ]
            },
            "notification-url": "https://packagist.org/downloads/",
            "license": [
                "LGPLv3"
            ],
            "authors": [
                {
                    "name": "Nicola Asuni",
                    "email": "info@tecnick.com",
                    "homepage": "http://nicolaasuni.tecnick.com"
                }
            ],
            "description": "TCPDF is a PHP class for generating PDF documents and barcodes.",
            "homepage": "http://www.tcpdf.org/",
            "keywords": [
                "PDFD32000-2008",
                "TCPDF",
                "barcodes",
                "datamatrix",
                "pdf",
                "pdf417",
                "qrcode"
            ],
            "time": "2015-04-29 16:13:58"
        },
        {
            "name": "yiisoft/jquery",
            "version": "1.8.3",
            "source": {
                "type": "git",
                "url": "https://github.com/yiisoft/jquery.git",
                "reference": "04130695bf3c4a19a353ff7a680432d306361a60"
            },
            "dist": {
                "type": "zip",
                "url": "https://api.github.com/repos/yiisoft/jquery/zipball/04130695bf3c4a19a353ff7a680432d306361a60",
                "reference": "04130695bf3c4a19a353ff7a680432d306361a60",
                "shasum": ""
            },
            "type": "library",
            "notification-url": "https://packagist.org/downloads/",
            "license": [
                "MIT"
            ],
            "description": "jQuery JavaScript Library",
            "homepage": "http://jquery.com",
            "abandoned": true,
            "time": "2014-09-17 13:48:27"
        },
        {
            "name": "yiisoft/yii",
            "version": "1.1.16",
            "source": {
                "type": "git",
                "url": "https://github.com/yiisoft/yii.git",
                "reference": "bca0420b6799b0b2a7966aa90bcd15cb4aa73563"
            },
            "dist": {
                "type": "zip",
                "url": "https://api.github.com/repos/yiisoft/yii/zipball/bca0420b6799b0b2a7966aa90bcd15cb4aa73563",
                "reference": "bca0420b6799b0b2a7966aa90bcd15cb4aa73563",
                "shasum": ""
            },
            "require": {
                "php": ">=5.1.0"
            },
            "bin": [
                "framework/yiic"
            ],
            "type": "library",
            "autoload": {
                "classmap": [
                    "framework/YiiBase.php",
                    "framework/yii.php"
                ]
            },
            "notification-url": "https://packagist.org/downloads/",
            "license": [
                "BSD-3-Clause"
            ],
            "authors": [
                {
                    "name": "Qiang Xue",
                    "email": "qiang.xue@gmail.com",
                    "homepage": "http://www.yiiframework.com/",
                    "role": "Founder and project lead"
                },
                {
                    "name": "Alexander Makarov",
                    "email": "sam@rmcreative.ru",
                    "homepage": "http://rmcreative.ru/",
                    "role": "Core framework development"
                },
                {
                    "name": "Maurizio Domba",
                    "homepage": "http://mdomba.info/",
                    "role": "Core framework development"
                },
                {
                    "name": "Carsten Brandt",
                    "email": "mail@cebe.cc",
                    "homepage": "http://cebe.cc/",
                    "role": "Core framework development"
                },
                {
                    "name": "Wei Zhuo",
                    "email": "weizhuo@gmail.com",
                    "role": "Project site maintenance and development"
                },
                {
                    "name": "Sebastián Thierer",
                    "email": "sebas@artfos.com",
                    "role": "Component development"
                },
                {
                    "name": "Jeffrey Winesett",
                    "email": "jefftulsa@gmail.com",
                    "role": "Documentation and marketing"
                },
                {
                    "name": "Timur Ruziev",
                    "email": "resurtm@gmail.com",
                    "homepage": "http://resurtm.com/",
                    "role": "Core framework development"
                },
                {
                    "name": "Paul Klimov",
                    "email": "klimov.paul@gmail.com",
                    "role": "Core framework development"
                }
            ],
            "description": "Yii Web Programming Framework",
            "homepage": "http://www.yiiframework.com/",
            "keywords": [
                "framework",
                "yii"
            ],
            "time": "2014-12-21 19:30:17"
        }
    ],
    "packages-dev": [],
    "aliases": [],
    "minimum-stability": "stable",
    "stability-flags": {
        "mpdf/mpdf": 20,
        "ensepar/html2pdf": 20,
        "assisrafael/giix": 20,
        "phpoffice/phpexcel": 20
    },
    "prefer-stable": false,
    "prefer-lowest": false,
    "platform": [],
    "platform-dev": []
}
